
Microsoft Visual Studio Solution File, Format Version 12.00
# Visual Studio 15
VisualStudioVersion = 15.0.28307.572
MinimumVisualStudioVersion = 10.0.40219.1
Project("{FAE04EC0-301F-11D3-BF4B-00C04F79EFBC}") = "Testing.Domain", "Testing.Domain\Testing.Domain.csproj", "{72EFFF53-5FC4-4042-B1E7-5206116B14B3}"
EndProject
Project("{FAE04EC0-301F-11D3-BF4B-00C04F79EFBC}") = "Testing.Web", "Testing.Web\Testing.Web.csproj", "{01AF37B5-7A5D-49FC-AA87-0C8CC1EC9DD6}"
EndProject
Global
	GlobalSection(SolutionConfigurationPlatforms) = preSolution
		Debug|Any CPU = Debug|Any CPU
		Release|Any CPU = Release|Any CPU
	EndGlobalSection
	GlobalSection(ProjectConfigurationPlatforms) = postSolution
		{72EFFF53-5FC4-4042-B1E7-5206116B14B3}.Debug|Any CPU.ActiveCfg = Debug|Any CPU
		{72EFFF53-5FC4-4042-B1E7-5206116B14B3}.Debug|Any CPU.Build.0 = Debug|Any CPU
		{72EFFF53-5FC4-4042-B1E7-5206116B14B3}.Release|Any CPU.ActiveCfg = Release|Any CPU
		{72EFFF53-5FC4-4042-B1E7-5206116B14B3}.Release|Any CPU.Build.0 = Release|Any CPU
		{01AF37B5-7A5D-49FC-AA87-0C8CC1EC9DD6}.Debug|Any CPU.ActiveCfg = Debug|Any CPU
		{01AF37B5-7A5D-49FC-AA87-0C8CC1EC9DD6}.Debug|Any CPU.Build.0 = Debug|Any CPU
		{01AF37B5-7A5D-49FC-AA87-0C8CC1EC9DD6}.Release|Any CPU.ActiveCfg = Release|Any CPU
		{01AF37B5-7A5D-49FC-AA87-0C8CC1EC9DD6}.Release|Any CPU.Build.0 = Release|Any CPU
	EndGlobalSection
	GlobalSection(SolutionProperties) = preSolution
		HideSolutionNode = FALSE
	EndGlobalSection
	GlobalSection(ExtensibilityGlobals) = postSolution
		SolutionGuid = {492108A8-BC63-4F57-9A64-DBD5FF02620F}
	EndGlobalSection
EndGlobal
